
Microsoft Visual Studio Solution File, Format Version 12.00
# Visual Studio Version 16
VisualStudioVersion = 16.0.29102.190
MinimumVisualStudioVersion = 10.0.40219.1
Project("{9A19103F-16F7-4668-BE54-9A1E7A4F7556}") = "ReliabilityModel.Model", "ReliabilityModel\ReliabilityModel.Model.csproj", "{5A8979B0-F4D3-46AF-ADC3-7B69F80EE7A5}"
EndProject
Project("{9A19103F-16F7-4668-BE54-9A1E7A4F7556}") = "ReliabilityModel.Tests", "ReliabilityModelTests\ReliabilityModel.Tests.csproj", "{0BF34F4C-C7CE-44C5-ACB6-BE8C04430C5E}"
EndProject
Project("{9A19103F-16F7-4668-BE54-9A1E7A4F7556}") = "ReliabilityModel.Api", "ReliabilityModel.Api\ReliabilityModel.Api.csproj", "{12F7458E-B802-477B-B15F-2A200DBBE46D}"
EndProject
Global
	GlobalSection(SolutionConfigurationPlatforms) = preSolution
		Debug|Any CPU = Debug|Any CPU
		Release|Any CPU = Release|Any CPU
	EndGlobalSection
	GlobalSection(ProjectConfigurationPlatforms) = postSolution
		{5A8979B0-F4D3-46AF-ADC3-7B69F80EE7A5}.Debug|Any CPU.ActiveCfg = Debug|Any CPU
		{5A8979B0-F4D3-46AF-ADC3-7B69F80EE7A5}.Debug|Any CPU.Build.0 = Debug|Any CPU
		{5A8979B0-F4D3-46AF-ADC3-7B69F80EE7A5}.Release|Any CPU.ActiveCfg = Release|Any CPU
		{5A8979B0-F4D3-46AF-ADC3-7B69F80EE7A5}.Release|Any CPU.Build.0 = Release|Any CPU
		{0BF34F4C-C7CE-44C5-ACB6-BE8C04430C5E}.Debug|Any CPU.ActiveCfg = Debug|Any CPU
		{0BF34F4C-C7CE-44C5-ACB6-BE8C04430C5E}.Debug|Any CPU.Build.0 = Debug|Any CPU
		{0BF34F4C-C7CE-44C5-ACB6-BE8C04430C5E}.Release|Any CPU.ActiveCfg = Release|Any CPU
		{0BF34F4C-C7CE-44C5-ACB6-BE8C04430C5E}.Release|Any CPU.Build.0 = Release|Any CPU
		{12F7458E-B802-477B-B15F-2A200DBBE46D}.Debug|Any CPU.ActiveCfg = Debug|Any CPU
		{12F7458E-B802-477B-B15F-2A200DBBE46D}.Debug|Any CPU.Build.0 = Debug|Any CPU
		{12F7458E-B802-477B-B15F-2A200DBBE46D}.Release|Any CPU.ActiveCfg = Release|Any CPU
		{12F7458E-B802-477B-B15F-2A200DBBE46D}.Release|Any CPU.Build.0 = Release|Any CPU
	EndGlobalSection
	GlobalSection(SolutionProperties) = preSolution
		HideSolutionNode = FALSE
	EndGlobalSection
	GlobalSection(ExtensibilityGlobals) = postSolution
		SolutionGuid = {749FDA20-34D8-4D79-852B-E916815A4D22}
	EndGlobalSection
EndGlobal
